// !$*UTF8*$!
{
	archiveVersion = 1;
	classes = {
	};
	objectVersion = 46;
	objects = {

/* Begin PBXBuildFile section */
		02C5531F1BBCA53E0038C41E /* AppDelegate.swift in Sources */ = {isa = PBXBuildFile; fileRef = 02C5531E1BBCA53E0038C41E /* AppDelegate.swift */; };
		02C553211BBCA53E0038C41E /* ViewController.swift in Sources */ = {isa = PBXBuildFile; fileRef = 02C553201BBCA53E0038C41E /* ViewController.swift */; };
		02C553241BBCA53E0038C41E /* Main.storyboard in Resources */ = {isa = PBXBuildFile; fileRef = 02C553221BBCA53E0038C41E /* Main.storyboard */; };
		02C553261BBCA53E0038C41E /* Images.xcassets in Resources */ = {isa = PBXBuildFile; fileRef = 02C553251BBCA53E0038C41E /* Images.xcassets */; };
		02C553291BBCA53E0038C41E /* LaunchScreen.xib in Resources */ = {isa = PBXBuildFile; fileRef = 02C553271BBCA53E0038C41E /* LaunchScreen.xib */; };
		02C553351BBCA53E0038C41E /* THRCalculator_Part1Tests.swift in Sources */ = {isa = PBXBuildFile; fileRef = 02C553341BBCA53E0038C41E /* THRCalculator_Part1Tests.swift */; };
/* End PBXBuildFile section */

/* Begin PBXContainerItemProxy section */
		02C5532F1BBCA53E0038C41E /* PBXContainerItemProxy */ = {
			isa = PBXContainerItemProxy;
			containerPortal = 02C553111BBCA53E0038C41E /* Project object */;
			proxyType = 1;
			remoteGlobalIDString = 02C553181BBCA53E0038C41E;
			remoteInfo = "THRCalculator-Part1";
		};
/* End PBXContainerItemProxy section */

/* Begin PBXFileReference section */
		02C553191BBCA53E0038C41E /* THRCalculator-Part1.app */ = {isa = PBXFileReference; explicitFileType = wrapper.application; includeInIndex = 0; path = "THRCalculator-Part1.app"; sourceTree = BUILT_PRODUCTS_DIR; };
		02C5531D1BBCA53E0038C41E /* Info.plist */ = {isa = PBXFileReference; lastKnownFileType = text.plist.xml; path = Info.plist; sourceTree = "<group>"; };
		02C5531E1BBCA53E0038C41E /* AppDelegate.swift */ = {isa = PBXFileReference; lastKnownFileType = sourcecode.swift; path = AppDelegate.swift; sourceTree = "<group>"; };
		02C553201BBCA53E0038C41E /* ViewController.swift */ = {isa = PBXFileReference; lastKnownFileType = sourcecode.swift; path = ViewController.swift; sourceTree = "<group>"; };
		02C553231BBCA53E0038C41E /* Base */ = {isa = PBXFileReference; lastKnownFileType = file.storyboard; name = Base; path = Base.lproj/Main.storyboard; sourceTree = "<group>"; };
		02C553251BBCA53E0038C41E /* Images.xcassets */ = {isa = PBXFileReference; lastKnownFileType = folder.assetcatalog; path = Images.xcassets; sourceTree = "<group>"; };
		02C553281BBCA53E0038C41E /* Base */ = {isa = PBXFileReference; lastKnownFileType = file.xib; name = Base; path = Base.lproj/LaunchScreen.xib; sourceTree = "<group>"; };
		02C5532E1BBCA53E0038C41E /* THRCalculator-Part1Tests.xctest */ = {isa = PBXFileReference; explicitFileType = wrapper.cfbundle; includeInIndex = 0; path = "THRCalculator-Part1Tests.xctest"; sourceTree = BUILT_PRODUCTS_DIR; };
		02C553331BBCA53E0038C41E /* Info.plist */ = {isa = PBXFileReference; lastKnownFileType = text.plist.xml; path = Info.plist; sourceTree = "<group>"; };
		02C553341BBCA53E0038C41E /* THRCalculator_Part1Tests.swift */ = {isa = PBXFileReference; lastKnownFileType = sourcecode.swift; path = THRCalculator_Part1Tests.swift; sourceTree = "<group>"; };
/* End PBXFileReference section */

/* Begin PBXFrameworksBuildPhase section */
		02C553161BBCA53E0038C41E /* Frameworks */ = {
			isa = PBXFrameworksBuildPhase;
			buildActionMask = 2147483647;
			files = (
			);
			runOnlyForDeploymentPostprocessing = 0;
		};
		02C5532B1BBCA53E0038C41E /* Frameworks */ = {
			isa = PBXFrameworksBuildPhase;
			buildActionMask = 2147483647;
			files = (
			);
			runOnlyForDeploymentPostprocessing = 0;
		};
/* End PBXFrameworksBuildPhase section */

/* Begin PBXGroup section */
		02C553101BBCA53E0038C41E = {
			isa = PBXGroup;
			children = (
				02C5531B1BBCA53E0038C41E /* THRCalculator-Part1 */,
				02C553311BBCA53E0038C41E /* THRCalculator-Part1Tests */,
				02C5531A1BBCA53E0038C41E /* Products */,
			);
			sourceTree = "<group>";
		};
		02C5531A1BBCA53E0038C41E /* Products */ = {
			isa = PBXGroup;
			children = (
				02C553191BBCA53E0038C41E /* THRCalculator-Part1.app */,
				02C5532E1BBCA53E0038C41E /* THRCalculator-Part1Tests.xctest */,
			);
			name = Products;
			sourceTree = "<group>";
		};
		02C5531B1BBCA53E0038C41E /* THRCalculator-Part1 */ = {
			isa = PBXGroup;
			children = (
				02C5531E1BBCA53E0038C41E /* AppDelegate.swift */,
				02C553201BBCA53E0038C41E /* ViewController.swift */,
				02C553221BBCA53E0038C41E /* Main.storyboard */,
				02C553251BBCA53E0038C41E /* Images.xcassets */,
				02C553271BBCA53E0038C41E /* LaunchScreen.xib */,
				02C5531C1BBCA53E0038C41E /* Supporting Files */,
			);
			path = "THRCalculator-Part1";
			sourceTree = "<group>";
		};
		02C5531C1BBCA53E0038C41E /* Supporting Files */ = {
			isa = PBXGroup;
			children = (
				02C5531D1BBCA53E0038C41E /* Info.plist */,
			);
			name = "Supporting Files";
			sourceTree = "<group>";
		};
		02C553311BBCA53E0038C41E /* THRCalculator-Part1Tests */ = {
			isa = PBXGroup;
			children = (
				02C553341BBCA53E0038C41E /* THRCalculator_Part1Tests.swift */,
				02C553321BBCA53E0038C41E /* Supporting Files */,
			);
			path = "THRCalculator-Part1Tests";
			sourceTree = "<group>";
		};
		02C553321BBCA53E0038C41E /* Supporting Files */ = {
			isa = PBXGroup;
			children = (
				02C553331BBCA53E0038C41E /* Info.plist */,
			);
			name = "Supporting Files";
			sourceTree = "<group>";
		};
/* End PBXGroup section */

/* Begin PBXNativeTarget section */
		02C553181BBCA53E0038C41E /* THRCalculator-Part1 */ = {
			isa = PBXNativeTarget;
			buildConfigurationList = 02C553381BBCA53E0038C41E /* Build configuration list for PBXNativeTarget "THRCalculator-Part1" */;
			buildPhases = (
				02C553151BBCA53E0038C41E /* Sources */,
				02C553161BBCA53E0038C41E /* Frameworks */,
				02C553171BBCA53E0038C41E /* Resources */,
			);
			buildRules = (
			);
			dependencies = (
			);
			name = "THRCalculator-Part1";
			productName = "THRCalculator-Part1";
			productReference = 02C553191BBCA53E0038C41E /* THRCalculator-Part1.app */;
			productType = "com.apple.product-type.application";
		};
		02C5532D1BBCA53E0038C41E /* THRCalculator-Part1Tests */ = {
			isa = PBXNativeTarget;
			buildConfigurationList = 02C5533B1BBCA53E0038C41E /* Build configuration list for PBXNativeTarget "THRCalculator-Part1Tests" */;
			buildPhases = (
				02C5532A1BBCA53E0038C41E /* Sources */,
				02C5532B1BBCA53E0038C41E /* Frameworks */,
				02C5532C1BBCA53E0038C41E /* Resources */,
			);
			buildRules = (
			);
			dependencies = (
				02C553301BBCA53E0038C41E /* PBXTargetDependency */,
			);
			name = "THRCalculator-Part1Tests";
			productName = "THRCalculator-Part1Tests";
			productReference = 02C5532E1BBCA53E0038C41E /* THRCalculator-Part1Tests.xctest */;
			productType = "com.apple.product-type.bundle.unit-test";
		};
/* End PBXNativeTarget section */

/* Begin PBXProject section */
		02C553111BBCA53E0038C41E /* Project object */ = {
			isa = PBXProject;
			attributes = {
				LastUpgradeCheck = 0640;
				ORGANIZATIONNAME = crkovach;
				TargetAttributes = {
					02C553181BBCA53E0038C41E = {
						CreatedOnToolsVersion = 6.4;
					};
					02C5532D1BBCA53E0038C41E = {
						CreatedOnToolsVersion = 6.4;
						TestTargetID = 02C553181BBCA53E0038C41E;
					};
				};
			};
			buildConfigurationList = 02C553141BBCA53E0038C41E /* Build configuration list for PBXProject "THRCalculator-Part1" */;
			compatibilityVersion = "Xcode 3.2";
			developmentRegion = English;
			hasScannedForEncodings = 0;
			knownRegions = (
				en,
				Base,
			);
			mainGroup = 02C553101BBCA53E0038C41E;
			productRefGroup = 02C5531A1BBCA53E0038C41E /* Products */;
			projectDirPath = "";
			projectRoot = "";
			targets = (
				02C553181BBCA53E0038C41E /* THRCalculator-Part1 */,
				02C5532D1BBCA53E0038C41E /* THRCalculator-Part1Tests */,
			);
		};
/* End PBXProject section */

/* Begin PBXResourcesBuildPhase section */
		02C553171BBCA53E0038C41E /* Resources */ = {
			isa = PBXResourcesBuildPhase;
			buildActionMask = 2147483647;
			files = (
				02C553241BBCA53E0038C41E /* Main.storyboard in Resources */,
				02C553291BBCA53E0038C41E /* LaunchScreen.xib in Resources */,
				02C553261BBCA53E0038C41E /* Images.xcassets in Resources */,
			);
			runOnlyForDeploymentPostprocessing = 0;
		};
		02C5532C1BBCA53E0038C41E /* Resources */ = {
			isa = PBXResourcesBuildPhase;
			buildActionMask = 2147483647;
			files = (
			);
			runOnlyForDeploymentPostprocessing = 0;
		};
/* End PBXResourcesBuildPhase section */

/* Begin PBXSourcesBuildPhase section */
		02C553151BBCA53E0038C41E /* Sources */ = {
			isa = PBXSourcesBuildPhase;
			buildActionMask = 2147483647;
			files = (
				02C553211BBCA53E0038C41E /* ViewController.swift in Sources */,
				02C5531F1BBCA53E0038C41E /* AppDelegate.swift in Sources */,
			);
			runOnlyForDeploymentPostprocessing = 0;
		};
		02C5532A1BBCA53E0038C41E /* Sources */ = {
			isa = PBXSourcesBuildPhase;
			buildActionMask = 2147483647;
			files = (
				02C553351BBCA53E0038C41E /* THRCalculator_Part1Tests.swift in Sources */,
			);
			runOnlyForDeploymentPostprocessing = 0;
		};
/* End PBXSourcesBuildPhase section */

/* Begin PBXTargetDependency section */
		02C553301BBCA53E0038C41E /* PBXTargetDependency */ = {
			isa = PBXTargetDependency;
			target = 02C553181BBCA53E0038C41E /* THRCalculator-Part1 */;
			targetProxy = 02C5532F1BBCA53E0038C41E /* PBXContainerItemProxy */;
		};
/* End PBXTargetDependency section */

/* Begin PBXVariantGroup section */
		02C553221BBCA53E0038C41E /* Main.storyboard */ = {
			isa = PBXVariantGroup;
			children = (
				02C553231BBCA53E0038C41E /* Base */,
			);
			name = Main.storyboard;
			sourceTree = "<group>";
		};
		02C553271BBCA53E0038C41E /* LaunchScreen.xib */ = {
			isa = PBXVariantGroup;
			children = (
				02C553281BBCA53E0038C41E /* Base */,
			);
			name = LaunchScreen.xib;
			sourceTree = "<group>";
		};
/* End PBXVariantGroup section */

/* Begin XCBuildConfiguration section */
		02C553361BBCA53E0038C41E /* Debug */ = {
			isa = XCBuildConfiguration;
			buildSettings = {
				ALWAYS_SEARCH_USER_PATHS = NO;
				CLANG_CXX_LANGUAGE_STANDARD = "gnu++0x";
				CLANG_CXX_LIBRARY = "libc++";
				CLANG_ENABLE_MODULES = YES;
				CLANG_ENABLE_OBJC_ARC = YES;
				CLANG_WARN_BOOL_CONVERSION = YES;
				CLANG_WARN_CONSTANT_CONVERSION = YES;
				CLANG_WARN_DIRECT_OBJC_ISA_USAGE = YES_ERROR;
				CLANG_WARN_EMPTY_BODY = YES;
				CLANG_WARN_ENUM_CONVERSION = YES;
				CLANG_WARN_INT_CONVERSION = YES;
				CLANG_WARN_OBJC_ROOT_CLASS = YES_ERROR;
				CLANG_WARN_UNREACHABLE_CODE = YES;
				CLANG_WARN__DUPLICATE_METHOD_MATCH = YES;
				"CODE_SIGN_IDENTITY[sdk=iphoneos*]" = "iPhone Developer";
				COPY_PHASE_STRIP = NO;
				DEBUG_INFORMATION_FORMAT = "dwarf-with-dsym";
				ENABLE_STRICT_OBJC_MSGSEND = YES;
				GCC_C_LANGUAGE_STANDARD = gnu99;
				GCC_DYNAMIC_NO_PIC = NO;
				GCC_NO_COMMON_BLOCKS = YES;
				GCC_OPTIMIZATION_LEVEL = 0;
				GCC_PREPROCESSOR_DEFINITIONS = (
					"DEBUG=1",
					"$(inherited)",
				);
				GCC_SYMBOLS_PRIVATE_EXTERN = NO;
				GCC_WARN_64_TO_32_BIT_CONVERSION = YES;
				GCC_WARN_ABOUT_RETURN_TYPE = YES_ERROR;
				GCC_WARN_UNDECLARED_SELECTOR = YES;
				GCC_WARN_UNINITIALIZED_AUTOS = YES_AGGRESSIVE;
				GCC_WARN_UNUSED_FUNCTION = YES;
				GCC_WARN_UNUSED_VARIABLE = YES;
				IPHONEOS_DEPLOYMENT_TARGET = 8.4;
				MTL_ENABLE_DEBUG_INFO = YES;
				ONLY_ACTIVE_ARCH = YES;
				SDKROOT = iphoneos;
				SWIFT_OPTIMIZATION_LEVEL = "-Onone";
				TARGETED_DEVICE_FAMILY = "1,2";
			};
			name = Debug;
		};
		02C553371BBCA53E0038C41E /* Release */ = {
			isa = XCBuildConfiguration;
			buildSettings = {
				ALWAYS_SEARCH_USER_PATHS = NO;
				CLANG_CXX_LANGUAGE_STANDARD = "gnu++0x";
				CLANG_CXX_LIBRARY = "libc++";
				CLANG_ENABLE_MODULES = YES;
				CLANG_ENABLE_OBJC_ARC = YES;
				CLANG_WARN_BOOL_CONVERSION = YES;
				CLANG_WARN_CONSTANT_CONVERSION = YES;
				CLANG_WARN_DIRECT_OBJC_ISA_USAGE = YES_ERROR;
				CLANG_WARN_EMPTY_BODY = YES;
				CLANG_WARN_ENUM_CONVERSION = YES;
				CLANG_WARN_INT_CONVERSION = YES;
				CLANG_WARN_OBJC_ROOT_CLASS = YES_ERROR;
				CLANG_WARN_UNREACHABLE_CODE = YES;
				CLANG_WARN__DUPLICATE_METHOD_MATCH = YES;
				"CODE_SIGN_IDENTITY[sdk=iphoneos*]" = "iPhone Developer";
				COPY_PHASE_STRIP = NO;
				DEBUG_INFORMATION_FORMAT = "dwarf-with-dsym";
				ENABLE_NS_ASSERTIONS = NO;
				ENABLE_STRICT_OBJC_MSGSEND = YES;
				GCC_C_LANGUAGE_STANDARD = gnu99;
				GCC_NO_COMMON_BLOCKS = YES;
				GCC_WARN_64_TO_32_BIT_CONVERSION = YES;
				GCC_WARN_ABOUT_RETURN_TYPE = YES_ERROR;
				GCC_WARN_UNDECLARED_SELECTOR = YES;
				GCC_WARN_UNINITIALIZED_AUTOS = YES_AGGRESSIVE;
				GCC_WARN_UNUSED_FUNCTION = YES;
				GCC_WARN_UNUSED_VARIABLE = YES;
				IPHONEOS_DEPLOYMENT_TARGET = 8.4;
				MTL_ENABLE_DEBUG_INFO = NO;
				SDKROOT = iphoneos;
				TARGETED_DEVICE_FAMILY = "1,2";
				VALIDATE_PRODUCT = YES;
			};
			name = Release;
		};
		02C553391BBCA53E0038C41E /* Debug */ = {
			isa = XCBuildConfiguration;
			buildSettings = {
				ASSETCATALOG_COMPILER_APPICON_NAME = AppIcon;
				INFOPLIST_FILE = "THRCalculator-Part1/Info.plist";
				LD_RUNPATH_SEARCH_PATHS = "$(inherited) @executable_path/Frameworks";
				PRODUCT_NAME = "$(TARGET_NAME)";
			};
			name = Debug;
		};
		02C5533A1BBCA53E0038C41E /* Release */ = {
			isa = XCBuildConfiguration;
			buildSettings = {
				ASSETCATALOG_COMPILER_APPICON_NAME = AppIcon;
				INFOPLIST_FILE = "THRCalculator-Part1/Info.plist";
				LD_RUNPATH_SEARCH_PATHS = "$(inherited) @executable_path/Frameworks";
				PRODUCT_NAME = "$(TARGET_NAME)";
			};
			name = Release;
		};
		02C5533C1BBCA53E0038C41E /* Debug */ = {
			isa = XCBuildConfiguration;
			buildSettings = {
				BUNDLE_LOADER = "$(TEST_HOST)";
				FRAMEWORK_SEARCH_PATHS = (
					"$(SDKROOT)/Developer/Library/Frameworks",
					"$(inherited)",
				);
				GCC_PREPROCESSOR_DEFINITIONS = (
					"DEBUG=1",
					"$(inherited)",
				);
				INFOPLIST_FILE = "THRCalculator-Part1Tests/Info.plist";
				LD_RUNPATH_SEARCH_PATHS = "$(inherited) @executable_path/Frameworks @loader_path/Frameworks";
				PRODUCT_NAME = "$(TARGET_NAME)";
				TEST_HOST = "$(BUILT_PRODUCTS_DIR)/THRCalculator-Part1.app/THRCalculator-Part1";
			};
			name = Debug;
		};
		02C5533D1BBCA53E0038C41E /* Release */ = {
			isa = XCBuildConfiguration;
			buildSettings = {
				BUNDLE_LOADER = "$(TEST_HOST)";
				FRAMEWORK_SEARCH_PATHS = (
					"$(SDKROOT)/Developer/Library/Frameworks",
					"$(inherited)",
				);
				INFOPLIST_FILE = "THRCalculator-Part1Tests/Info.plist";
				LD_RUNPATH_SEARCH_PATHS = "$(inherited) @executable_path/Frameworks @loader_path/Frameworks";
				PRODUCT_NAME = "$(TARGET_NAME)";
				TEST_HOST = "$(BUILT_PRODUCTS_DIR)/THRCalculator-Part1.app/THRCalculator-Part1";
			};
			name = Release;
		};
/* End XCBuildConfiguration section */

/* Begin XCConfigurationList section */
		02C553141BBCA53E0038C41E /* Build configuration list for PBXProject "THRCalculator-Part1" */ = {
			isa = XCConfigurationList;
			buildConfigurations = (
				02C553361BBCA53E0038C41E /* Debug */,
				02C553371BBCA53E0038C41E /* Release */,
			);
			defaultConfigurationIsVisible = 0;
			defaultConfigurationName = Release;
		};
		02C553381BBCA53E0038C41E /* Build configuration list for PBXNativeTarget "THRCalculator-Part1" */ = {
			isa = XCConfigurationList;
			buildConfigurations = (
				02C553391BBCA53E0038C41E /* Debug */,
				02C5533A1BBCA53E0038C41E /* Release */,
			);
			defaultConfigurationIsVisible = 0;
		};
		02C5533B1BBCA53E0038C41E /* Build configuration list for PBXNativeTarget "THRCalculator-Part1Tests" */ = {
			isa = XCConfigurationList;
			buildConfigurations = (
				02C5533C1BBCA53E0038C41E /* Debug */,
				02C5533D1BBCA53E0038C41E /* Release */,
			);
			defaultConfigurationIsVisible = 0;
		};
/* End XCConfigurationList section */
	};
	rootObject = 02C553111BBCA53E0038C41E /* Project object */;
}
