// !$*UTF8*$!
{
	archiveVersion = 1;
	classes = {
	};
	objectVersion = 46;
	objects = {

/* Begin PBXBuildFile section */
		02C553A91BBCCC870038C41E /* AppDelegate.swift in Sources */ = {isa = PBXBuildFile; fileRef = 02C553A81BBCCC870038C41E /* AppDelegate.swift */; };
		02C553AB1BBCCC870038C41E /* ViewController.swift in Sources */ = {isa = PBXBuildFile; fileRef = 02C553AA1BBCCC870038C41E /* ViewController.swift */; };
		02C553AE1BBCCC870038C41E /* Main.storyboard in Resources */ = {isa = PBXBuildFile; fileRef = 02C553AC1BBCCC870038C41E /* Main.storyboard */; };
		02C553B01BBCCC870038C41E /* Images.xcassets in Resources */ = {isa = PBXBuildFile; fileRef = 02C553AF1BBCCC870038C41E /* Images.xcassets */; };
		02C553B31BBCCC870038C41E /* LaunchScreen.xib in Resources */ = {isa = PBXBuildFile; fileRef = 02C553B11BBCCC870038C41E /* LaunchScreen.xib */; };
		02C553BF1BBCCC870038C41E /* ConsultingShop_Part3Tests.swift in Sources */ = {isa = PBXBuildFile; fileRef = 02C553BE1BBCCC870038C41E /* ConsultingShop_Part3Tests.swift */; };
/* End PBXBuildFile section */

/* Begin PBXContainerItemProxy section */
		02C553B91BBCCC870038C41E /* PBXContainerItemProxy */ = {
			isa = PBXContainerItemProxy;
			containerPortal = 02C5539B1BBCCC870038C41E /* Project object */;
			proxyType = 1;
			remoteGlobalIDString = 02C553A21BBCCC870038C41E;
			remoteInfo = "ConsultingShop-Part3";
		};
/* End PBXContainerItemProxy section */

/* Begin PBXFileReference section */
		02C553A31BBCCC870038C41E /* ConsultingShop-Part3.app */ = {isa = PBXFileReference; explicitFileType = wrapper.application; includeInIndex = 0; path = "ConsultingShop-Part3.app"; sourceTree = BUILT_PRODUCTS_DIR; };
		02C553A71BBCCC870038C41E /* Info.plist */ = {isa = PBXFileReference; lastKnownFileType = text.plist.xml; path = Info.plist; sourceTree = "<group>"; };
		02C553A81BBCCC870038C41E /* AppDelegate.swift */ = {isa = PBXFileReference; lastKnownFileType = sourcecode.swift; path = AppDelegate.swift; sourceTree = "<group>"; };
		02C553AA1BBCCC870038C41E /* ViewController.swift */ = {isa = PBXFileReference; lastKnownFileType = sourcecode.swift; path = ViewController.swift; sourceTree = "<group>"; };
		02C553AD1BBCCC870038C41E /* Base */ = {isa = PBXFileReference; lastKnownFileType = file.storyboard; name = Base; path = Base.lproj/Main.storyboard; sourceTree = "<group>"; };
		02C553AF1BBCCC870038C41E /* Images.xcassets */ = {isa = PBXFileReference; lastKnownFileType = folder.assetcatalog; path = Images.xcassets; sourceTree = "<group>"; };
		02C553B21BBCCC870038C41E /* Base */ = {isa = PBXFileReference; lastKnownFileType = file.xib; name = Base; path = Base.lproj/LaunchScreen.xib; sourceTree = "<group>"; };
		02C553B81BBCCC870038C41E /* ConsultingShop-Part3Tests.xctest */ = {isa = PBXFileReference; explicitFileType = wrapper.cfbundle; includeInIndex = 0; path = "ConsultingShop-Part3Tests.xctest"; sourceTree = BUILT_PRODUCTS_DIR; };
		02C553BD1BBCCC870038C41E /* Info.plist */ = {isa = PBXFileReference; lastKnownFileType = text.plist.xml; path = Info.plist; sourceTree = "<group>"; };
		02C553BE1BBCCC870038C41E /* ConsultingShop_Part3Tests.swift */ = {isa = PBXFileReference; lastKnownFileType = sourcecode.swift; path = ConsultingShop_Part3Tests.swift; sourceTree = "<group>"; };
/* End PBXFileReference section */

/* Begin PBXFrameworksBuildPhase section */
		02C553A01BBCCC870038C41E /* Frameworks */ = {
			isa = PBXFrameworksBuildPhase;
			buildActionMask = 2147483647;
			files = (
			);
			runOnlyForDeploymentPostprocessing = 0;
		};
		02C553B51BBCCC870038C41E /* Frameworks */ = {
			isa = PBXFrameworksBuildPhase;
			buildActionMask = 2147483647;
			files = (
			);
			runOnlyForDeploymentPostprocessing = 0;
		};
/* End PBXFrameworksBuildPhase section */

/* Begin PBXGroup section */
		02C5539A1BBCCC870038C41E = {
			isa = PBXGroup;
			children = (
				02C553A51BBCCC870038C41E /* ConsultingShop-Part3 */,
				02C553BB1BBCCC870038C41E /* ConsultingShop-Part3Tests */,
				02C553A41BBCCC870038C41E /* Products */,
			);
			sourceTree = "<group>";
		};
		02C553A41BBCCC870038C41E /* Products */ = {
			isa = PBXGroup;
			children = (
				02C553A31BBCCC870038C41E /* ConsultingShop-Part3.app */,
				02C553B81BBCCC870038C41E /* ConsultingShop-Part3Tests.xctest */,
			);
			name = Products;
			sourceTree = "<group>";
		};
		02C553A51BBCCC870038C41E /* ConsultingShop-Part3 */ = {
			isa = PBXGroup;
			children = (
				02C553A81BBCCC870038C41E /* AppDelegate.swift */,
				02C553AA1BBCCC870038C41E /* ViewController.swift */,
				02C553AC1BBCCC870038C41E /* Main.storyboard */,
				02C553AF1BBCCC870038C41E /* Images.xcassets */,
				02C553B11BBCCC870038C41E /* LaunchScreen.xib */,
				02C553A61BBCCC870038C41E /* Supporting Files */,
			);
			path = "ConsultingShop-Part3";
			sourceTree = "<group>";
		};
		02C553A61BBCCC870038C41E /* Supporting Files */ = {
			isa = PBXGroup;
			children = (
				02C553A71BBCCC870038C41E /* Info.plist */,
			);
			name = "Supporting Files";
			sourceTree = "<group>";
		};
		02C553BB1BBCCC870038C41E /* ConsultingShop-Part3Tests */ = {
			isa = PBXGroup;
			children = (
				02C553BE1BBCCC870038C41E /* ConsultingShop_Part3Tests.swift */,
				02C553BC1BBCCC870038C41E /* Supporting Files */,
			);
			path = "ConsultingShop-Part3Tests";
			sourceTree = "<group>";
		};
		02C553BC1BBCCC870038C41E /* Supporting Files */ = {
			isa = PBXGroup;
			children = (
				02C553BD1BBCCC870038C41E /* Info.plist */,
			);
			name = "Supporting Files";
			sourceTree = "<group>";
		};
/* End PBXGroup section */

/* Begin PBXNativeTarget section */
		02C553A21BBCCC870038C41E /* ConsultingShop-Part3 */ = {
			isa = PBXNativeTarget;
			buildConfigurationList = 02C553C21BBCCC870038C41E /* Build configuration list for PBXNativeTarget "ConsultingShop-Part3" */;
			buildPhases = (
				02C5539F1BBCCC870038C41E /* Sources */,
				02C553A01BBCCC870038C41E /* Frameworks */,
				02C553A11BBCCC870038C41E /* Resources */,
			);
			buildRules = (
			);
			dependencies = (
			);
			name = "ConsultingShop-Part3";
			productName = "ConsultingShop-Part3";
			productReference = 02C553A31BBCCC870038C41E /* ConsultingShop-Part3.app */;
			productType = "com.apple.product-type.application";
		};
		02C553B71BBCCC870038C41E /* ConsultingShop-Part3Tests */ = {
			isa = PBXNativeTarget;
			buildConfigurationList = 02C553C51BBCCC870038C41E /* Build configuration list for PBXNativeTarget "ConsultingShop-Part3Tests" */;
			buildPhases = (
				02C553B41BBCCC870038C41E /* Sources */,
				02C553B51BBCCC870038C41E /* Frameworks */,
				02C553B61BBCCC870038C41E /* Resources */,
			);
			buildRules = (
			);
			dependencies = (
				02C553BA1BBCCC870038C41E /* PBXTargetDependency */,
			);
			name = "ConsultingShop-Part3Tests";
			productName = "ConsultingShop-Part3Tests";
			productReference = 02C553B81BBCCC870038C41E /* ConsultingShop-Part3Tests.xctest */;
			productType = "com.apple.product-type.bundle.unit-test";
		};
/* End PBXNativeTarget section */

/* Begin PBXProject section */
		02C5539B1BBCCC870038C41E /* Project object */ = {
			isa = PBXProject;
			attributes = {
				LastUpgradeCheck = 0640;
				ORGANIZATIONNAME = crkovach;
				TargetAttributes = {
					02C553A21BBCCC870038C41E = {
						CreatedOnToolsVersion = 6.4;
					};
					02C553B71BBCCC870038C41E = {
						CreatedOnToolsVersion = 6.4;
						TestTargetID = 02C553A21BBCCC870038C41E;
					};
				};
			};
			buildConfigurationList = 02C5539E1BBCCC870038C41E /* Build configuration list for PBXProject "ConsultingShop-Part3" */;
			compatibilityVersion = "Xcode 3.2";
			developmentRegion = English;
			hasScannedForEncodings = 0;
			knownRegions = (
				en,
				Base,
			);
			mainGroup = 02C5539A1BBCCC870038C41E;
			productRefGroup = 02C553A41BBCCC870038C41E /* Products */;
			projectDirPath = "";
			projectRoot = "";
			targets = (
				02C553A21BBCCC870038C41E /* ConsultingShop-Part3 */,
				02C553B71BBCCC870038C41E /* ConsultingShop-Part3Tests */,
			);
		};
/* End PBXProject section */

/* Begin PBXResourcesBuildPhase section */
		02C553A11BBCCC870038C41E /* Resources */ = {
			isa = PBXResourcesBuildPhase;
			buildActionMask = 2147483647;
			files = (
				02C553AE1BBCCC870038C41E /* Main.storyboard in Resources */,
				02C553B31BBCCC870038C41E /* LaunchScreen.xib in Resources */,
				02C553B01BBCCC870038C41E /* Images.xcassets in Resources */,
			);
			runOnlyForDeploymentPostprocessing = 0;
		};
		02C553B61BBCCC870038C41E /* Resources */ = {
			isa = PBXResourcesBuildPhase;
			buildActionMask = 2147483647;
			files = (
			);
			runOnlyForDeploymentPostprocessing = 0;
		};
/* End PBXResourcesBuildPhase section */

/* Begin PBXSourcesBuildPhase section */
		02C5539F1BBCCC870038C41E /* Sources */ = {
			isa = PBXSourcesBuildPhase;
			buildActionMask = 2147483647;
			files = (
				02C553AB1BBCCC870038C41E /* ViewController.swift in Sources */,
				02C553A91BBCCC870038C41E /* AppDelegate.swift in Sources */,
			);
			runOnlyForDeploymentPostprocessing = 0;
		};
		02C553B41BBCCC870038C41E /* Sources */ = {
			isa = PBXSourcesBuildPhase;
			buildActionMask = 2147483647;
			files = (
				02C553BF1BBCCC870038C41E /* ConsultingShop_Part3Tests.swift in Sources */,
			);
			runOnlyForDeploymentPostprocessing = 0;
		};
/* End PBXSourcesBuildPhase section */

/* Begin PBXTargetDependency section */
		02C553BA1BBCCC870038C41E /* PBXTargetDependency */ = {
			isa = PBXTargetDependency;
			target = 02C553A21BBCCC870038C41E /* ConsultingShop-Part3 */;
			targetProxy = 02C553B91BBCCC870038C41E /* PBXContainerItemProxy */;
		};
/* End PBXTargetDependency section */

/* Begin PBXVariantGroup section */
		02C553AC1BBCCC870038C41E /* Main.storyboard */ = {
			isa = PBXVariantGroup;
			children = (
				02C553AD1BBCCC870038C41E /* Base */,
			);
			name = Main.storyboard;
			sourceTree = "<group>";
		};
		02C553B11BBCCC870038C41E /* LaunchScreen.xib */ = {
			isa = PBXVariantGroup;
			children = (
				02C553B21BBCCC870038C41E /* Base */,
			);
			name = LaunchScreen.xib;
			sourceTree = "<group>";
		};
/* End PBXVariantGroup section */

/* Begin XCBuildConfiguration section */
		02C553C01BBCCC870038C41E /* Debug */ = {
			isa = XCBuildConfiguration;
			buildSettings = {
				ALWAYS_SEARCH_USER_PATHS = NO;
				CLANG_CXX_LANGUAGE_STANDARD = "gnu++0x";
				CLANG_CXX_LIBRARY = "libc++";
				CLANG_ENABLE_MODULES = YES;
				CLANG_ENABLE_OBJC_ARC = YES;
				CLANG_WARN_BOOL_CONVERSION = YES;
				CLANG_WARN_CONSTANT_CONVERSION = YES;
				CLANG_WARN_DIRECT_OBJC_ISA_USAGE = YES_ERROR;
				CLANG_WARN_EMPTY_BODY = YES;
				CLANG_WARN_ENUM_CONVERSION = YES;
				CLANG_WARN_INT_CONVERSION = YES;
				CLANG_WARN_OBJC_ROOT_CLASS = YES_ERROR;
				CLANG_WARN_UNREACHABLE_CODE = YES;
				CLANG_WARN__DUPLICATE_METHOD_MATCH = YES;
				"CODE_SIGN_IDENTITY[sdk=iphoneos*]" = "iPhone Developer";
				COPY_PHASE_STRIP = NO;
				DEBUG_INFORMATION_FORMAT = "dwarf-with-dsym";
				ENABLE_STRICT_OBJC_MSGSEND = YES;
				GCC_C_LANGUAGE_STANDARD = gnu99;
				GCC_DYNAMIC_NO_PIC = NO;
				GCC_NO_COMMON_BLOCKS = YES;
				GCC_OPTIMIZATION_LEVEL = 0;
				GCC_PREPROCESSOR_DEFINITIONS = (
					"DEBUG=1",
					"$(inherited)",
				);
				GCC_SYMBOLS_PRIVATE_EXTERN = NO;
				GCC_WARN_64_TO_32_BIT_CONVERSION = YES;
				GCC_WARN_ABOUT_RETURN_TYPE = YES_ERROR;
				GCC_WARN_UNDECLARED_SELECTOR = YES;
				GCC_WARN_UNINITIALIZED_AUTOS = YES_AGGRESSIVE;
				GCC_WARN_UNUSED_FUNCTION = YES;
				GCC_WARN_UNUSED_VARIABLE = YES;
				IPHONEOS_DEPLOYMENT_TARGET = 8.4;
				MTL_ENABLE_DEBUG_INFO = YES;
				ONLY_ACTIVE_ARCH = YES;
				SDKROOT = iphoneos;
				SWIFT_OPTIMIZATION_LEVEL = "-Onone";
				TARGETED_DEVICE_FAMILY = "1,2";
			};
			name = Debug;
		};
		02C553C11BBCCC870038C41E /* Release */ = {
			isa = XCBuildConfiguration;
			buildSettings = {
				ALWAYS_SEARCH_USER_PATHS = NO;
				CLANG_CXX_LANGUAGE_STANDARD = "gnu++0x";
				CLANG_CXX_LIBRARY = "libc++";
				CLANG_ENABLE_MODULES = YES;
				CLANG_ENABLE_OBJC_ARC = YES;
				CLANG_WARN_BOOL_CONVERSION = YES;
				CLANG_WARN_CONSTANT_CONVERSION = YES;
				CLANG_WARN_DIRECT_OBJC_ISA_USAGE = YES_ERROR;
				CLANG_WARN_EMPTY_BODY = YES;
				CLANG_WARN_ENUM_CONVERSION = YES;
				CLANG_WARN_INT_CONVERSION = YES;
				CLANG_WARN_OBJC_ROOT_CLASS = YES_ERROR;
				CLANG_WARN_UNREACHABLE_CODE = YES;
				CLANG_WARN__DUPLICATE_METHOD_MATCH = YES;
				"CODE_SIGN_IDENTITY[sdk=iphoneos*]" = "iPhone Developer";
				COPY_PHASE_STRIP = NO;
				DEBUG_INFORMATION_FORMAT = "dwarf-with-dsym";
				ENABLE_NS_ASSERTIONS = NO;
				ENABLE_STRICT_OBJC_MSGSEND = YES;
				GCC_C_LANGUAGE_STANDARD = gnu99;
				GCC_NO_COMMON_BLOCKS = YES;
				GCC_WARN_64_TO_32_BIT_CONVERSION = YES;
				GCC_WARN_ABOUT_RETURN_TYPE = YES_ERROR;
				GCC_WARN_UNDECLARED_SELECTOR = YES;
				GCC_WARN_UNINITIALIZED_AUTOS = YES_AGGRESSIVE;
				GCC_WARN_UNUSED_FUNCTION = YES;
				GCC_WARN_UNUSED_VARIABLE = YES;
				IPHONEOS_DEPLOYMENT_TARGET = 8.4;
				MTL_ENABLE_DEBUG_INFO = NO;
				SDKROOT = iphoneos;
				TARGETED_DEVICE_FAMILY = "1,2";
				VALIDATE_PRODUCT = YES;
			};
			name = Release;
		};
		02C553C31BBCCC870038C41E /* Debug */ = {
			isa = XCBuildConfiguration;
			buildSettings = {
				ASSETCATALOG_COMPILER_APPICON_NAME = AppIcon;
				INFOPLIST_FILE = "ConsultingShop-Part3/Info.plist";
				LD_RUNPATH_SEARCH_PATHS = "$(inherited) @executable_path/Frameworks";
				PRODUCT_NAME = "$(TARGET_NAME)";
			};
			name = Debug;
		};
		02C553C41BBCCC870038C41E /* Release */ = {
			isa = XCBuildConfiguration;
			buildSettings = {
				ASSETCATALOG_COMPILER_APPICON_NAME = AppIcon;
				INFOPLIST_FILE = "ConsultingShop-Part3/Info.plist";
				LD_RUNPATH_SEARCH_PATHS = "$(inherited) @executable_path/Frameworks";
				PRODUCT_NAME = "$(TARGET_NAME)";
			};
			name = Release;
		};
		02C553C61BBCCC870038C41E /* Debug */ = {
			isa = XCBuildConfiguration;
			buildSettings = {
				BUNDLE_LOADER = "$(TEST_HOST)";
				FRAMEWORK_SEARCH_PATHS = (
					"$(SDKROOT)/Developer/Library/Frameworks",
					"$(inherited)",
				);
				GCC_PREPROCESSOR_DEFINITIONS = (
					"DEBUG=1",
					"$(inherited)",
				);
				INFOPLIST_FILE = "ConsultingShop-Part3Tests/Info.plist";
				LD_RUNPATH_SEARCH_PATHS = "$(inherited) @executable_path/Frameworks @loader_path/Frameworks";
				PRODUCT_NAME = "$(TARGET_NAME)";
				TEST_HOST = "$(BUILT_PRODUCTS_DIR)/ConsultingShop-Part3.app/ConsultingShop-Part3";
			};
			name = Debug;
		};
		02C553C71BBCCC870038C41E /* Release */ = {
			isa = XCBuildConfiguration;
			buildSettings = {
				BUNDLE_LOADER = "$(TEST_HOST)";
				FRAMEWORK_SEARCH_PATHS = (
					"$(SDKROOT)/Developer/Library/Frameworks",
					"$(inherited)",
				);
				INFOPLIST_FILE = "ConsultingShop-Part3Tests/Info.plist";
				LD_RUNPATH_SEARCH_PATHS = "$(inherited) @executable_path/Frameworks @loader_path/Frameworks";
				PRODUCT_NAME = "$(TARGET_NAME)";
				TEST_HOST = "$(BUILT_PRODUCTS_DIR)/ConsultingShop-Part3.app/ConsultingShop-Part3";
			};
			name = Release;
		};
/* End XCBuildConfiguration section */

/* Begin XCConfigurationList section */
		02C5539E1BBCCC870038C41E /* Build configuration list for PBXProject "ConsultingShop-Part3" */ = {
			isa = XCConfigurationList;
			buildConfigurations = (
				02C553C01BBCCC870038C41E /* Debug */,
				02C553C11BBCCC870038C41E /* Release */,
			);
			defaultConfigurationIsVisible = 0;
			defaultConfigurationName = Release;
		};
		02C553C21BBCCC870038C41E /* Build configuration list for PBXNativeTarget "ConsultingShop-Part3" */ = {
			isa = XCConfigurationList;
			buildConfigurations = (
				02C553C31BBCCC870038C41E /* Debug */,
				02C553C41BBCCC870038C41E /* Release */,
			);
			defaultConfigurationIsVisible = 0;
		};
		02C553C51BBCCC870038C41E /* Build configuration list for PBXNativeTarget "ConsultingShop-Part3Tests" */ = {
			isa = XCConfigurationList;
			buildConfigurations = (
				02C553C61BBCCC870038C41E /* Debug */,
				02C553C71BBCCC870038C41E /* Release */,
			);
			defaultConfigurationIsVisible = 0;
		};
/* End XCConfigurationList section */
	};
	rootObject = 02C5539B1BBCCC870038C41E /* Project object */;
}
